
Microsoft Visual Studio Solution File, Format Version 12.00
# Visual Studio Version 17
VisualStudioVersion = 17.10.35122.118
MinimumVisualStudioVersion = 10.0.40219.1
Project("{9A19103F-16F7-4668-BE54-9A1E7A4F7556}") = "SocketLibraryApp", "SocketLibraryApp.csproj", "{4AF693D0-CCB8-4F1A-A258-E29B7A981B57}"
EndProject
Global
	GlobalSection(SolutionConfigurationPlatforms) = preSolution
		Debug|Any CPU = Debug|Any CPU
		Release|Any CPU = Release|Any CPU
	EndGlobalSection
	GlobalSection(ProjectConfigurationPlatforms) = postSolution
		{4AF693D0-CCB8-4F1A-A258-E29B7A981B57}.Debug|Any CPU.ActiveCfg = Debug|Any CPU
		{4AF693D0-CCB8-4F1A-A258-E29B7A981B57}.Debug|Any CPU.Build.0 = Debug|Any CPU
		{4AF693D0-CCB8-4F1A-A258-E29B7A981B57}.Release|Any CPU.ActiveCfg = Release|Any CPU
		{4AF693D0-CCB8-4F1A-A258-E29B7A981B57}.Release|Any CPU.Build.0 = Release|Any CPU
	EndGlobalSection
	GlobalSection(SolutionProperties) = preSolution
		HideSolutionNode = FALSE
	EndGlobalSection
	GlobalSection(ExtensibilityGlobals) = postSolution
		SolutionGuid = {C836DC46-D53C-47D8-AF4D-54DAFF95B6B0}
	EndGlobalSection
EndGlobal
